<?xml version="1.0" encoding="utf-8"?>
<Project ToolsVersion="Current" xmlns="http://schemas.microsoft.com/developer/msbuild/2003">
  <ItemGroup>
    <ClCompile Include="imgui\imgui.cpp">
      <Filter>imgui</Filter>
    </ClCompile>
    <ClCompile Include="imgui\imgui_demo.cpp">
      <Filter>imgui</Filter>
    </ClCompile>
    <ClCompile Include="imgui\imgui_draw.cpp">
      <Filter>imgui</Filter>
    </ClCompile>
    <ClCompile Include="imgui\imgui_impl_freeglut.cpp">
      <Filter>imgui</Filter>
    </ClCompile>
    <ClCompile Include="imgui\imgui_impl_opengl2.cpp">
      <Filter>imgui</Filter>
    </ClCompile>
    <ClCompile Include="Box.cpp">
      <Filter>Cpps</Filter>
    </ClCompile>
    <ClCompile Include="ColliderObject.cpp">
      <Filter>Cpps</Filter>
    </ClCompile>
    <ClCompile Include="main.cpp">
      <Filter>Cpps</Filter>
    </ClCompile>
    <ClCompile Include="Sphere.cpp">
      <Filter>Cpps</Filter>
    </ClCompile>
    <ClCompile Include="Vec3.cpp">
      <Filter>Cpps</Filter>
    </ClCompile>
    <ClCompile Include="DiagnosticsTracker.cpp">
      <Filter>Cpps</Filter>
    </ClCompile>
    <ClCompile Include="MemoryPool.cpp">
      <Filter>Cpps</Filter>
    </ClCompile>
    <ClCompile Include="MemoryManager.cpp" />
    <ClCompile Include="Octree.cpp" />
  </ItemGroup>
  <ItemGroup>
    <ClInclude Include="imgui\imconfig.h">
      <Filter>imgui</Filter>
    </ClInclude>
    <ClInclude Include="imgui\imgui.h">
      <Filter>imgui</Filter>
    </ClInclude>
    <ClInclude Include="imgui\imgui_impl_freeglut.h">
      <Filter>imgui</Filter>
    </ClInclude>
    <ClInclude Include="imgui\imgui_impl_opengl2.h">
      <Filter>imgui</Filter>
    </ClInclude>
    <ClInclude Include="imgui\imgui_internal.h">
      <Filter>imgui</Filter>
    </ClInclude>
    <ClInclude Include="imgui\stb_rect_pack.h">
      <Filter>imgui</Filter>
    </ClInclude>
    <ClInclude Include="imgui\stb_textedit.h">
      <Filter>imgui</Filter>
    </ClInclude>
    <ClInclude Include="imgui\stb_truetype.h">
      <Filter>imgui</Filter>
    </ClInclude>
    <ClInclude Include="Box.h">
      <Filter>Headers</Filter>
    </ClInclude>
    <ClInclude Include="Callbacks.h">
      <Filter>Headers</Filter>
    </ClInclude>
    <ClInclude Include="ColliderObject.h">
      <Filter>Headers</Filter>
    </ClInclude>
    <ClInclude Include="globals.h">
      <Filter>Headers</Filter>
    </ClInclude>
    <ClInclude Include="Sphere.h">
      <Filter>Headers</Filter>
    </ClInclude>
    <ClInclude Include="Vec3.h">
      <Filter>Headers</Filter>
    </ClInclude>
    <ClInclude Include="DiagnosticsTracker.h">
      <Filter>Headers</Filter>
    </ClInclude>
    <ClInclude Include="MemoryPool.h">
      <Filter>Headers</Filter>
    </ClInclude>
    <ClInclude Include="MemoryManager.h" />
    <ClInclude Include="Octree.h" />
  </ItemGroup>
  <ItemGroup>
    <Filter Include="imgui">
      <UniqueIdentifier>{7cc2063f-da73-48c3-a86c-c81415f98458}</UniqueIdentifier>
    </Filter>
    <Filter Include="Cpps">
      <UniqueIdentifier>{60b0e644-4a1d-4f95-9d2e-f3a894b80713}</UniqueIdentifier>
    </Filter>
    <Filter Include="Headers">
      <UniqueIdentifier>{9794d375-bfae-4161-a2e9-d11fa025536f}</UniqueIdentifier>
    </Filter>
  </ItemGroup>
  <ItemGroup>
    <None Include="imgui\imgui.ini">
      <Filter>imgui</Filter>
    </None>
  </ItemGroup>
</Project>